
Microsoft Visual Studio Solution File, Format Version 12.00
# Visual Studio 15
VisualStudioVersion = 15.0.26124.0
MinimumVisualStudioVersion = 15.0.26124.0
Project("{FAE04EC0-301F-11D3-BF4B-00C04F79EFBC}") = "CodeGenerator", "CodeGenerator\CodeGenerator.csproj", "{50779C5B-91AB-4878-909F-97E126F1A2B0}"
EndProject
Project("{FAE04EC0-301F-11D3-BF4B-00C04F79EFBC}") = "SpirV.NET", "SpirV.NET\SpirV.NET.csproj", "{191E29ED-8578-4794-98FD-0CB0537CF1C2}"
EndProject
Project("{FAE04EC0-301F-11D3-BF4B-00C04F79EFBC}") = "SpirV.NET.Tests", "SpirV.NET.Tests\SpirV.NET.Tests.csproj", "{463AD1B3-3B91-4E15-861C-14FE9B35476D}"
EndProject
Global
	GlobalSection(SolutionConfigurationPlatforms) = preSolution
		Debug|Any CPU = Debug|Any CPU
		Debug|x64 = Debug|x64
		Debug|x86 = Debug|x86
		Release|Any CPU = Release|Any CPU
		Release|x64 = Release|x64
		Release|x86 = Release|x86
	EndGlobalSection
	GlobalSection(SolutionProperties) = preSolution
		HideSolutionNode = FALSE
	EndGlobalSection
	GlobalSection(ProjectConfigurationPlatforms) = postSolution
		{50779C5B-91AB-4878-909F-97E126F1A2B0}.Debug|Any CPU.ActiveCfg = Debug|Any CPU
		{50779C5B-91AB-4878-909F-97E126F1A2B0}.Debug|Any CPU.Build.0 = Debug|Any CPU
		{50779C5B-91AB-4878-909F-97E126F1A2B0}.Debug|x64.ActiveCfg = Debug|Any CPU
		{50779C5B-91AB-4878-909F-97E126F1A2B0}.Debug|x64.Build.0 = Debug|Any CPU
		{50779C5B-91AB-4878-909F-97E126F1A2B0}.Debug|x86.ActiveCfg = Debug|Any CPU
		{50779C5B-91AB-4878-909F-97E126F1A2B0}.Debug|x86.Build.0 = Debug|Any CPU
		{50779C5B-91AB-4878-909F-97E126F1A2B0}.Release|Any CPU.ActiveCfg = Release|Any CPU
		{50779C5B-91AB-4878-909F-97E126F1A2B0}.Release|Any CPU.Build.0 = Release|Any CPU
		{50779C5B-91AB-4878-909F-97E126F1A2B0}.Release|x64.ActiveCfg = Release|Any CPU
		{50779C5B-91AB-4878-909F-97E126F1A2B0}.Release|x64.Build.0 = Release|Any CPU
		{50779C5B-91AB-4878-909F-97E126F1A2B0}.Release|x86.ActiveCfg = Release|Any CPU
		{50779C5B-91AB-4878-909F-97E126F1A2B0}.Release|x86.Build.0 = Release|Any CPU
		{191E29ED-8578-4794-98FD-0CB0537CF1C2}.Debug|Any CPU.ActiveCfg = Debug|Any CPU
		{191E29ED-8578-4794-98FD-0CB0537CF1C2}.Debug|Any CPU.Build.0 = Debug|Any CPU
		{191E29ED-8578-4794-98FD-0CB0537CF1C2}.Debug|x64.ActiveCfg = Debug|Any CPU
		{191E29ED-8578-4794-98FD-0CB0537CF1C2}.Debug|x64.Build.0 = Debug|Any CPU
		{191E29ED-8578-4794-98FD-0CB0537CF1C2}.Debug|x86.ActiveCfg = Debug|Any CPU
		{191E29ED-8578-4794-98FD-0CB0537CF1C2}.Debug|x86.Build.0 = Debug|Any CPU
		{191E29ED-8578-4794-98FD-0CB0537CF1C2}.Release|Any CPU.ActiveCfg = Release|Any CPU
		{191E29ED-8578-4794-98FD-0CB0537CF1C2}.Release|Any CPU.Build.0 = Release|Any CPU
		{191E29ED-8578-4794-98FD-0CB0537CF1C2}.Release|x64.ActiveCfg = Release|Any CPU
		{191E29ED-8578-4794-98FD-0CB0537CF1C2}.Release|x64.Build.0 = Release|Any CPU
		{191E29ED-8578-4794-98FD-0CB0537CF1C2}.Release|x86.ActiveCfg = Release|Any CPU
		{191E29ED-8578-4794-98FD-0CB0537CF1C2}.Release|x86.Build.0 = Release|Any CPU
		{463AD1B3-3B91-4E15-861C-14FE9B35476D}.Debug|Any CPU.ActiveCfg = Debug|Any CPU
		{463AD1B3-3B91-4E15-861C-14FE9B35476D}.Debug|Any CPU.Build.0 = Debug|Any CPU
		{463AD1B3-3B91-4E15-861C-14FE9B35476D}.Debug|x64.ActiveCfg = Debug|Any CPU
		{463AD1B3-3B91-4E15-861C-14FE9B35476D}.Debug|x64.Build.0 = Debug|Any CPU
		{463AD1B3-3B91-4E15-861C-14FE9B35476D}.Debug|x86.ActiveCfg = Debug|Any CPU
		{463AD1B3-3B91-4E15-861C-14FE9B35476D}.Debug|x86.Build.0 = Debug|Any CPU
		{463AD1B3-3B91-4E15-861C-14FE9B35476D}.Release|Any CPU.ActiveCfg = Release|Any CPU
		{463AD1B3-3B91-4E15-861C-14FE9B35476D}.Release|Any CPU.Build.0 = Release|Any CPU
		{463AD1B3-3B91-4E15-861C-14FE9B35476D}.Release|x64.ActiveCfg = Release|Any CPU
		{463AD1B3-3B91-4E15-861C-14FE9B35476D}.Release|x64.Build.0 = Release|Any CPU
		{463AD1B3-3B91-4E15-861C-14FE9B35476D}.Release|x86.ActiveCfg = Release|Any CPU
		{463AD1B3-3B91-4E15-861C-14FE9B35476D}.Release|x86.Build.0 = Release|Any CPU
	EndGlobalSection
EndGlobal
